
Microsoft Visual Studio Solution File, Format Version 12.00
# Visual Studio Version 16
VisualStudioVersion = 16.0.29926.136
MinimumVisualStudioVersion = 10.0.40219.1
Project("{FAE04EC0-301F-11D3-BF4B-00C04F79EFBC}") = "Matteini.Giacomo.3J.CoppieConsecutive", "Matteini.Giacomo.3J.CoppieConsecutive\Matteini.Giacomo.3J.CoppieConsecutive.csproj", "{C63BCF24-C74A-4942-B6C6-B561B1152952}"
EndProject
Global
	GlobalSection(SolutionConfigurationPlatforms) = preSolution
		Debug|Any CPU = Debug|Any CPU
		Release|Any CPU = Release|Any CPU
	EndGlobalSection
	GlobalSection(ProjectConfigurationPlatforms) = postSolution
		{C63BCF24-C74A-4942-B6C6-B561B1152952}.Debug|Any CPU.ActiveCfg = Debug|Any CPU
		{C63BCF24-C74A-4942-B6C6-B561B1152952}.Debug|Any CPU.Build.0 = Debug|Any CPU
		{C63BCF24-C74A-4942-B6C6-B561B1152952}.Release|Any CPU.ActiveCfg = Release|Any CPU
		{C63BCF24-C74A-4942-B6C6-B561B1152952}.Release|Any CPU.Build.0 = Release|Any CPU
	EndGlobalSection
	GlobalSection(SolutionProperties) = preSolution
		HideSolutionNode = FALSE
	EndGlobalSection
	GlobalSection(ExtensibilityGlobals) = postSolution
		SolutionGuid = {30971077-FC8D-4736-BFD1-AB2A699DE1B0}
	EndGlobalSection
EndGlobal
